
Microsoft Visual Studio Solution File, Format Version 12.00
# Visual Studio Version 17
VisualStudioVersion = 17.7.34024.191
MinimumVisualStudioVersion = 10.0.40219.1
Project("{FAE04EC0-301F-11D3-BF4B-00C04F79EFBC}") = "QLYGiayDep", "QLYGiayDep\QLYGiayDep.csproj", "{617A42FE-F2CB-4382-A582-DAEBA6C78881}"
EndProject
Global
	GlobalSection(SolutionConfigurationPlatforms) = preSolution
		Debug|Any CPU = Debug|Any CPU
		Release|Any CPU = Release|Any CPU
	EndGlobalSection
	GlobalSection(ProjectConfigurationPlatforms) = postSolution
		{617A42FE-F2CB-4382-A582-DAEBA6C78881}.Debug|Any CPU.ActiveCfg = Debug|Any CPU
		{617A42FE-F2CB-4382-A582-DAEBA6C78881}.Debug|Any CPU.Build.0 = Debug|Any CPU
		{617A42FE-F2CB-4382-A582-DAEBA6C78881}.Release|Any CPU.ActiveCfg = Release|Any CPU
		{617A42FE-F2CB-4382-A582-DAEBA6C78881}.Release|Any CPU.Build.0 = Release|Any CPU
	EndGlobalSection
	GlobalSection(SolutionProperties) = preSolution
		HideSolutionNode = FALSE
	EndGlobalSection
	GlobalSection(ExtensibilityGlobals) = postSolution
		SolutionGuid = {4A7908CC-163E-440B-82C7-0AE9EA2CC3C6}
	EndGlobalSection
EndGlobal
